
Microsoft Visual Studio Solution File, Format Version 12.00
# Visual Studio Version 17
VisualStudioVersion = 17.14.36603.0 d17.14
MinimumVisualStudioVersion = 10.0.40219.1
Project("{FAE04EC0-301F-11D3-BF4B-00C04F79EFBC}") = "AgendaH", "AgendaH\AgendaH.csproj", "{E045505D-6B31-483E-9B4C-A20253E238BD}"
EndProject
Global
	GlobalSection(SolutionConfigurationPlatforms) = preSolution
		Debug|Any CPU = Debug|Any CPU
		Release|Any CPU = Release|Any CPU
	EndGlobalSection
	GlobalSection(ProjectConfigurationPlatforms) = postSolution
		{E045505D-6B31-483E-9B4C-A20253E238BD}.Debug|Any CPU.ActiveCfg = Debug|Any CPU
		{E045505D-6B31-483E-9B4C-A20253E238BD}.Debug|Any CPU.Build.0 = Debug|Any CPU
		{E045505D-6B31-483E-9B4C-A20253E238BD}.Release|Any CPU.ActiveCfg = Release|Any CPU
		{E045505D-6B31-483E-9B4C-A20253E238BD}.Release|Any CPU.Build.0 = Release|Any CPU
	EndGlobalSection
	GlobalSection(SolutionProperties) = preSolution
		HideSolutionNode = FALSE
	EndGlobalSection
	GlobalSection(ExtensibilityGlobals) = postSolution
		SolutionGuid = {55E88F18-40DD-4161-9AD7-53D205B8A566}
	EndGlobalSection
EndGlobal
